
Microsoft Visual Studio Solution File, Format Version 12.00
# Visual Studio Version 17
VisualStudioVersion = 17.13.35825.156 d17.13
MinimumVisualStudioVersion = 10.0.40219.1
Project("{FAE04EC0-301F-11D3-BF4B-00C04F79EFBC}") = "Gotcha.Web", "Gotcha.Web\Gotcha.Web.csproj", "{73A97E4D-D1D5-4315-8C6D-1C8935B3F0E6}"
EndProject
Project("{FAE04EC0-301F-11D3-BF4B-00C04F79EFBC}") = "Gotcha.Core", "Gotcha.Core\Gotcha.Core.csproj", "{4BB64291-A688-4D32-93D8-6B1AEF99D34C}"
EndProject
Global
	GlobalSection(SolutionConfigurationPlatforms) = preSolution
		Debug|Any CPU = Debug|Any CPU
		Release|Any CPU = Release|Any CPU
	EndGlobalSection
	GlobalSection(ProjectConfigurationPlatforms) = postSolution
		{73A97E4D-D1D5-4315-8C6D-1C8935B3F0E6}.Debug|Any CPU.ActiveCfg = Debug|Any CPU
		{73A97E4D-D1D5-4315-8C6D-1C8935B3F0E6}.Debug|Any CPU.Build.0 = Debug|Any CPU
		{73A97E4D-D1D5-4315-8C6D-1C8935B3F0E6}.Release|Any CPU.ActiveCfg = Release|Any CPU
		{73A97E4D-D1D5-4315-8C6D-1C8935B3F0E6}.Release|Any CPU.Build.0 = Release|Any CPU
		{4BB64291-A688-4D32-93D8-6B1AEF99D34C}.Debug|Any CPU.ActiveCfg = Debug|Any CPU
		{4BB64291-A688-4D32-93D8-6B1AEF99D34C}.Debug|Any CPU.Build.0 = Debug|Any CPU
		{4BB64291-A688-4D32-93D8-6B1AEF99D34C}.Release|Any CPU.ActiveCfg = Release|Any CPU
		{4BB64291-A688-4D32-93D8-6B1AEF99D34C}.Release|Any CPU.Build.0 = Release|Any CPU
	EndGlobalSection
	GlobalSection(SolutionProperties) = preSolution
		HideSolutionNode = FALSE
	EndGlobalSection
	GlobalSection(ExtensibilityGlobals) = postSolution
		SolutionGuid = {16E46A2D-CC0C-4096-B0D2-4C601A75E487}
	EndGlobalSection
EndGlobal
